
Microsoft Visual Studio Solution File, Format Version 12.00
# Visual Studio 15
VisualStudioVersion = 15.0.28307.329
MinimumVisualStudioVersion = 10.0.40219.1
Project("{FAE04EC0-301F-11D3-BF4B-00C04F79EFBC}") = "KDRS_Analyse", "KDRS_Analyse\KDRS_Analyse.csproj", "{4BFD2524-79ED-44A9-A6B2-114C2FB4281C}"
EndProject
Global
	GlobalSection(SolutionConfigurationPlatforms) = preSolution
		Debug|Any CPU = Debug|Any CPU
		Release|Any CPU = Release|Any CPU
	EndGlobalSection
	GlobalSection(ProjectConfigurationPlatforms) = postSolution
		{4BFD2524-79ED-44A9-A6B2-114C2FB4281C}.Debug|Any CPU.ActiveCfg = Debug|Any CPU
		{4BFD2524-79ED-44A9-A6B2-114C2FB4281C}.Debug|Any CPU.Build.0 = Debug|Any CPU
		{4BFD2524-79ED-44A9-A6B2-114C2FB4281C}.Release|Any CPU.ActiveCfg = Release|Any CPU
		{4BFD2524-79ED-44A9-A6B2-114C2FB4281C}.Release|Any CPU.Build.0 = Release|Any CPU
	EndGlobalSection
	GlobalSection(SolutionProperties) = preSolution
		HideSolutionNode = FALSE
	EndGlobalSection
	GlobalSection(ExtensibilityGlobals) = postSolution
		SolutionGuid = {AFDC0E66-49C6-4016-98C1-147C6BA45102}
	EndGlobalSection
EndGlobal
